
Microsoft Visual Studio Solution File, Format Version 12.00
# Visual Studio Version 17
VisualStudioVersion = 17.4.33103.184
MinimumVisualStudioVersion = 10.0.40219.1
Project("{FAE04EC0-301F-11D3-BF4B-00C04F79EFBC}") = "CourseManagement", "CourseManagement\CourseManagement.csproj", "{01FDB307-364C-4DAB-99A7-98AB98257694}"
EndProject
Global
	GlobalSection(SolutionConfigurationPlatforms) = preSolution
		Debug|Any CPU = Debug|Any CPU
		Release|Any CPU = Release|Any CPU
	EndGlobalSection
	GlobalSection(ProjectConfigurationPlatforms) = postSolution
		{01FDB307-364C-4DAB-99A7-98AB98257694}.Debug|Any CPU.ActiveCfg = Debug|Any CPU
		{01FDB307-364C-4DAB-99A7-98AB98257694}.Debug|Any CPU.Build.0 = Debug|Any CPU
		{01FDB307-364C-4DAB-99A7-98AB98257694}.Release|Any CPU.ActiveCfg = Release|Any CPU
		{01FDB307-364C-4DAB-99A7-98AB98257694}.Release|Any CPU.Build.0 = Release|Any CPU
	EndGlobalSection
	GlobalSection(SolutionProperties) = preSolution
		HideSolutionNode = FALSE
	EndGlobalSection
	GlobalSection(ExtensibilityGlobals) = postSolution
		SolutionGuid = {B3123E72-1A48-4016-9723-C4ED35ADF639}
	EndGlobalSection
EndGlobal
